
Microsoft Visual Studio Solution File, Format Version 12.00
# Visual Studio 14
VisualStudioVersion = 14.0.25420.1
MinimumVisualStudioVersion = 10.0.40219.1
Project("{FAE04EC0-301F-11D3-BF4B-00C04F79EFBC}") = "PowerSystemPlanning", "PowerSystemPlanning\PowerSystemPlanning.csproj", "{A8CEA095-A105-416A-86BF-EE44A4F16640}"
EndProject
Project("{FAE04EC0-301F-11D3-BF4B-00C04F79EFBC}") = "PowerSystemPlanningWpfApp", "PowerSystemPlanningWpfApp\PowerSystemPlanningWpfApp.csproj", "{29280D9B-11AF-4ECC-82F4-4C54A632351C}"
EndProject
Global
	GlobalSection(SolutionConfigurationPlatforms) = preSolution
		Debug|Any CPU = Debug|Any CPU
		Release|Any CPU = Release|Any CPU
	EndGlobalSection
	GlobalSection(ProjectConfigurationPlatforms) = postSolution
		{A8CEA095-A105-416A-86BF-EE44A4F16640}.Debug|Any CPU.ActiveCfg = Debug|Any CPU
		{A8CEA095-A105-416A-86BF-EE44A4F16640}.Debug|Any CPU.Build.0 = Debug|Any CPU
		{A8CEA095-A105-416A-86BF-EE44A4F16640}.Release|Any CPU.ActiveCfg = Release|Any CPU
		{A8CEA095-A105-416A-86BF-EE44A4F16640}.Release|Any CPU.Build.0 = Release|Any CPU
		{29280D9B-11AF-4ECC-82F4-4C54A632351C}.Debug|Any CPU.ActiveCfg = Debug|Any CPU
		{29280D9B-11AF-4ECC-82F4-4C54A632351C}.Debug|Any CPU.Build.0 = Debug|Any CPU
		{29280D9B-11AF-4ECC-82F4-4C54A632351C}.Release|Any CPU.ActiveCfg = Release|Any CPU
		{29280D9B-11AF-4ECC-82F4-4C54A632351C}.Release|Any CPU.Build.0 = Release|Any CPU
	EndGlobalSection
	GlobalSection(SolutionProperties) = preSolution
		HideSolutionNode = FALSE
	EndGlobalSection
EndGlobal
